
Microsoft Visual Studio Solution File, Format Version 12.00
# Visual Studio Version 16
VisualStudioVersion = 16.0.31613.86
MinimumVisualStudioVersion = 10.0.40219.1
Project("{FAE04EC0-301F-11D3-BF4B-00C04F79EFBC}") = "Test", "Test\Test.csproj", "{D4C11492-6F83-4BA5-A4D9-499C65E0CCD1}"
EndProject
Global
	GlobalSection(SolutionConfigurationPlatforms) = preSolution
		Debug|Any CPU = Debug|Any CPU
		Release|Any CPU = Release|Any CPU
	EndGlobalSection
	GlobalSection(ProjectConfigurationPlatforms) = postSolution
		{D4C11492-6F83-4BA5-A4D9-499C65E0CCD1}.Debug|Any CPU.ActiveCfg = Debug|Any CPU
		{D4C11492-6F83-4BA5-A4D9-499C65E0CCD1}.Debug|Any CPU.Build.0 = Debug|Any CPU
		{D4C11492-6F83-4BA5-A4D9-499C65E0CCD1}.Release|Any CPU.ActiveCfg = Release|Any CPU
		{D4C11492-6F83-4BA5-A4D9-499C65E0CCD1}.Release|Any CPU.Build.0 = Release|Any CPU
	EndGlobalSection
	GlobalSection(SolutionProperties) = preSolution
		HideSolutionNode = FALSE
	EndGlobalSection
	GlobalSection(ExtensibilityGlobals) = postSolution
		SolutionGuid = {A6220238-B296-418C-8D15-50ED0307A5D3}
	EndGlobalSection
EndGlobal
